PODS:
  - BRYXBanner (0.8.4)
  - CDAlertView (0.10.0)
  - IQKeyboardManagerSwift (6.5.5)
  - Kingfisher (5.13.4):
    - Kingfisher/Core (= 5.13.4)
  - Kingfisher/Core (5.13.4)

DEPENDENCIES:
  - BRYXBanner
  - CDAlertView
  - IQKeyboardManagerSwift
  - Kingfisher (~> 5.0)

SPEC REPOS:
  trunk:
    - BRYXBanner
    - CDAlertView
    - IQKeyboardManagerSwift
    - Kingfisher

SPEC CHECKSUMS:
  BRYXBanner: 4fbd266f96ce000e4c6cc9a0558c446bd88d9801
  CDAlertView: ee6a87c90c4283c8d316d55633db1a6981f1cc51
  IQKeyboardManagerSwift: 0fb93310284665245591f50f7a5e38de615960b7
  Kingfisher: d2279a7abece3c7f25a80cd2b7f363ca5cf3f44c

PODFILE CHECKSUM: 834661bfc8313f897a52700ef4a1ec813b09cb51

COCOAPODS: 1.8.4
